
Microsoft Visual Studio Solution File, Format Version 12.00
# Visual Studio Version 17
VisualStudioVersion = 17.10.34916.146
MinimumVisualStudioVersion = 10.0.40219.1
Project("{FAE04EC0-301F-11D3-BF4B-00C04F79EFBC}") = "SWOPER", "SWOPER\SWOPER.csproj", "{6EB9BA87-AF87-41A1-9904-2D89C9AC7EED}"
EndProject
Global
	GlobalSection(SolutionConfigurationPlatforms) = preSolution
		Debug|Any CPU = Debug|Any CPU
		Release|Any CPU = Release|Any CPU
	EndGlobalSection
	GlobalSection(ProjectConfigurationPlatforms) = postSolution
		{6EB9BA87-AF87-41A1-9904-2D89C9AC7EED}.Debug|Any CPU.ActiveCfg = Debug|Any CPU
		{6EB9BA87-AF87-41A1-9904-2D89C9AC7EED}.Debug|Any CPU.Build.0 = Debug|Any CPU
		{6EB9BA87-AF87-41A1-9904-2D89C9AC7EED}.Release|Any CPU.ActiveCfg = Release|Any CPU
		{6EB9BA87-AF87-41A1-9904-2D89C9AC7EED}.Release|Any CPU.Build.0 = Release|Any CPU
	EndGlobalSection
	GlobalSection(SolutionProperties) = preSolution
		HideSolutionNode = FALSE
	EndGlobalSection
	GlobalSection(ExtensibilityGlobals) = postSolution
		SolutionGuid = {400D1214-C7D1-4EBE-8832-0231601F3EB0}
	EndGlobalSection
EndGlobal
